# Generated by pub
# See https://dart.dev/tools/pub/glossary#lockfile
packages:
  logging:
    dependency: "direct main"
    description:
      name: logging
      sha256: "623a88c9594aa774443aa3eb2d41807a48486b5613e67599fb4c41c0ad47c340"
      url: "https://pub.dev"
    source: hosted
    version: "1.2.0"
  pro_lints:
    dependency: "direct dev"
    description:
      name: pro_lints
      sha256: d5c3a96182a5722ada0ec239549fbeb3db7112c16dc79ee9c5e4373ac813712c
      url: "https://pub.dev"
    source: hosted
    version: "2.0.3"
sdks:
  dart: ">=3.3.0 <4.0.0"
