# Generated by pub
# See https://dart.dev/tools/pub/glossary#lockfile
packages:
  clock:
    dependency: transitive
    description:
      name: clock
      sha256: cb6d7f03e1de671e34607e909a7213e31d7752be4fb66a86d29fe1eb14bfb5cf
      url: "https://pub.dev"
    source: hosted
    version: "1.1.1"
  intl:
    dependency: "direct main"
    description:
      name: intl
      sha256: "3bc132a9dbce73a7e4a21a17d06e1878839ffbf975568bc875c60537824b0c4d"
      url: "https://pub.dev"
    source: hosted
    version: "0.18.1"
  logging:
    dependency: "direct main"
    description:
      name: logging
      sha256: "623a88c9594aa774443aa3eb2d41807a48486b5613e67599fb4c41c0ad47c340"
      url: "https://pub.dev"
    source: hosted
    version: "1.2.0"
  meta:
    dependency: transitive
    description:
      name: meta
      sha256: d584fa6707a52763a52446f02cc621b077888fb63b93bbcb1143a7be5a0c0c04
      url: "https://pub.dev"
    source: hosted
    version: "1.11.0"
  path:
    dependency: transitive
    description:
      name: path
      sha256: db9d4f58c908a4ba5953fcee2ae317c94889433e5024c27ce74a37f94267945b
      url: "https://pub.dev"
    source: hosted
    version: "1.8.2"
  pro_lints:
    dependency: "direct dev"
    description:
      name: pro_lints
      sha256: d468beb14110144f711a2da7982919035f888ea266a25367d47553a220653884
      url: "https://pub.dev"
    source: hosted
    version: "2.0.2"
sdks:
  dart: ">=3.0.0 <4.0.0"
