# Generated by pub
# See https://dart.dev/tools/pub/glossary#lockfile
packages:
  clock:
    dependency: transitive
    description:
      name: clock
      url: "https://pub.dartlang.org"
    source: hosted
    version: "1.1.0"
  intl:
    dependency: "direct main"
    description:
      name: intl
      url: "https://pub.dartlang.org"
    source: hosted
    version: "0.17.0"
  lint:
    dependency: "direct main"
    description:
      path: "."
      ref: HEAD
      resolved-ref: "810084a9f02bd453361400702e108fbf0a1cfbc0"
      url: "https://github.com/pro100andrey/lint.git"
    source: git
    version: "1.0.0+1"
  logging:
    dependency: "direct main"
    description:
      name: logging
      url: "https://pub.dartlang.org"
    source: hosted
    version: "1.0.2"
  path:
    dependency: transitive
    description:
      name: path
      url: "https://pub.dartlang.org"
    source: hosted
    version: "1.8.1"
sdks:
  dart: ">=2.16.2 <3.0.0"
